
Microsoft Visual Studio Solution File, Format Version 12.00
Project("{FAE04EC0-301F-11D3-BF4B-00C04F79EFBC}") = "AM.ApplicationCore", "AM.ApplicationCore\AM.ApplicationCore.csproj", "{ADB0AB87-9F52-4C20-885D-FB9BCC83E5FC}"
EndProject
Project("{FAE04EC0-301F-11D3-BF4B-00C04F79EFBC}") = "AM.UI.Console", "AM.UI.Console\AM.UI.Console.csproj", "{BB879EF1-9C42-4230-A187-2EC6009E75D7}"
EndProject
Global
	GlobalSection(SolutionConfigurationPlatforms) = preSolution
		Debug|Any CPU = Debug|Any CPU
		Release|Any CPU = Release|Any CPU
	EndGlobalSection
	GlobalSection(ProjectConfigurationPlatforms) = postSolution
		{ADB0AB87-9F52-4C20-885D-FB9BCC83E5FC}.Debug|Any CPU.ActiveCfg = Debug|Any CPU
		{ADB0AB87-9F52-4C20-885D-FB9BCC83E5FC}.Debug|Any CPU.Build.0 = Debug|Any CPU
		{ADB0AB87-9F52-4C20-885D-FB9BCC83E5FC}.Release|Any CPU.ActiveCfg = Release|Any CPU
		{ADB0AB87-9F52-4C20-885D-FB9BCC83E5FC}.Release|Any CPU.Build.0 = Release|Any CPU
		{BB879EF1-9C42-4230-A187-2EC6009E75D7}.Debug|Any CPU.ActiveCfg = Debug|Any CPU
		{BB879EF1-9C42-4230-A187-2EC6009E75D7}.Debug|Any CPU.Build.0 = Debug|Any CPU
		{BB879EF1-9C42-4230-A187-2EC6009E75D7}.Release|Any CPU.ActiveCfg = Release|Any CPU
		{BB879EF1-9C42-4230-A187-2EC6009E75D7}.Release|Any CPU.Build.0 = Release|Any CPU
	EndGlobalSection
EndGlobal
